// !$*UTF8*$!
{
	archiveVersion = 1;
	classes = {
	};
	objectVersion = 46;
	objects = {

/* Begin PBXBuildFile section */
		153C242B0305A1C1BE634CB9 /* libPods-MyMessage_OCUITests.a in Frameworks */ = {isa = PBXBuildFile; fileRef = 1327E2D62406A6DA005D3AF0 /* libPods-MyMessage_OCUITests.a */; };
		86EEBA03628781B6C0442D24 /* libPods-MyMessage_OC.a in Frameworks */ = {isa = PBXBuildFile; fileRef = B96B6288D804DEDFAAAC67C8 /* libPods-MyMessage_OC.a */; };
		89147C941D2379370085D37E /* main.m in Sources */ = {isa = PBXBuildFile; fileRef = 89147C931D2379370085D37E /* main.m */; };
		89147C971D2379370085D37E /* AppDelegate.m in Sources */ = {isa = PBXBuildFile; fileRef = 89147C961D2379370085D37E /* AppDelegate.m */; };
		89147C9A1D2379370085D37E /* ViewController.m in Sources */ = {isa = PBXBuildFile; fileRef = 89147C991D2379370085D37E /* ViewController.m */; };
		89147C9D1D2379370085D37E /* Main.storyboard in Resources */ = {isa = PBXBuildFile; fileRef = 89147C9B1D2379370085D37E /* Main.storyboard */; };
		89147C9F1D2379370085D37E /* Assets.xcassets in Resources */ = {isa = PBXBuildFile; fileRef = 89147C9E1D2379370085D37E /* Assets.xcassets */; };
		89147CA21D2379370085D37E /* LaunchScreen.storyboard in Resources */ = {isa = PBXBuildFile; fileRef = 89147CA01D2379370085D37E /* LaunchScreen.storyboard */; };
		89147CAD1D2379370085D37E /* MyMessage_OCTests.m in Sources */ = {isa = PBXBuildFile; fileRef = 89147CAC1D2379370085D37E /* MyMessage_OCTests.m */; };
		89147CB81D2379370085D37E /* MyMessage_OCUITests.m in Sources */ = {isa = PBXBuildFile; fileRef = 89147CB71D2379370085D37E /* MyMessage_OCUITests.m */; };
		89147CC61D237A3B0085D37E /* Book.xlsx in Resources */ = {isa = PBXBuildFile; fileRef = 89147CC51D237A3B0085D37E /* Book.xlsx */; };
		89147CCA1D238EAD0085D37E /* Contacts.m in Sources */ = {isa = PBXBuildFile; fileRef = 89147CC91D238EAD0085D37E /* Contacts.m */; };
		89147CCC1D23919F0085D37E /* MessageUI.framework in Frameworks */ = {isa = PBXBuildFile; fileRef = 89147CCB1D23919F0085D37E /* MessageUI.framework */; };
		89147CD11D23A8890085D37E /* haha.xlsx in Resources */ = {isa = PBXBuildFile; fileRef = 89147CD01D23A8890085D37E /* haha.xlsx */; };
		FDEE317039E84A3DDA62FA44 /* libPods-MyMessage_OCTests.a in Frameworks */ = {isa = PBXBuildFile; fileRef = F595D392427A701BD528BAE0 /* libPods-MyMessage_OCTests.a */; };
/* End PBXBuildFile section */

/* Begin PBXContainerItemProxy section */
		89147CA91D2379370085D37E /* PBXContainerItemProxy */ = {
			isa = PBXContainerItemProxy;
			containerPortal = 89147C871D2379370085D37E /* Project object */;
			proxyType = 1;
			remoteGlobalIDString = 89147C8E1D2379370085D37E;
			remoteInfo = MyMessage_OC;
		};
		89147CB41D2379370085D37E /* PBXContainerItemProxy */ = {
			isa = PBXContainerItemProxy;
			containerPortal = 89147C871D2379370085D37E /* Project object */;
			proxyType = 1;
			remoteGlobalIDString = 89147C8E1D2379370085D37E;
			remoteInfo = MyMessage_OC;
		};
/* End PBXContainerItemProxy section */

/* Begin PBXFileReference section */
		1327E2D62406A6DA005D3AF0 /* libPods-MyMessage_OCUITests.a */ = {isa = PBXFileReference; explicitFileType = archive.ar; includeInIndex = 0; path = "libPods-MyMessage_OCUITests.a"; sourceTree = BUILT_PRODUCTS_DIR; };
		860119B30A4145BD5352B51C /* Pods-MyMessage_OC.release.xcconfig */ = {isa = PBXFileReference; includeInIndex = 1; lastKnownFileType = text.xcconfig; name = "Pods-MyMessage_OC.release.xcconfig"; path = "Pods/Target Support Files/Pods-MyMessage_OC/Pods-MyMessage_OC.release.xcconfig"; sourceTree = "<group>"; };
		867951722D6A1697C9F74D5B /* Pods-MyMessage_OCUITests.release.xcconfig */ = {isa = PBXFileReference; includeInIndex = 1; lastKnownFileType = text.xcconfig; name = "Pods-MyMessage_OCUITests.release.xcconfig"; path = "Pods/Target Support Files/Pods-MyMessage_OCUITests/Pods-MyMessage_OCUITests.release.xcconfig"; sourceTree = "<group>"; };
		89147C8F1D2379370085D37E /* MyMessage_OC.app */ = {isa = PBXFileReference; explicitFileType = wrapper.application; includeInIndex = 0; path = MyMessage_OC.app; sourceTree = BUILT_PRODUCTS_DIR; };
		89147C931D2379370085D37E /* main.m */ = {isa = PBXFileReference; lastKnownFileType = sourcecode.c.objc; path = main.m; sourceTree = "<group>"; };
		89147C951D2379370085D37E /* AppDelegate.h */ = {isa = PBXFileReference; lastKnownFileType = sourcecode.c.h; path = AppDelegate.h; sourceTree = "<group>"; };
		89147C961D2379370085D37E /* AppDelegate.m */ = {isa = PBXFileReference; lastKnownFileType = sourcecode.c.objc; path = AppDelegate.m; sourceTree = "<group>"; };
		89147C981D2379370085D37E /* ViewController.h */ = {isa = PBXFileReference; lastKnownFileType = sourcecode.c.h; path = ViewController.h; sourceTree = "<group>"; };
		89147C991D2379370085D37E /* ViewController.m */ = {isa = PBXFileReference; lastKnownFileType = sourcecode.c.objc; path = ViewController.m; sourceTree = "<group>"; };
		89147C9C1D2379370085D37E /* Base */ = {isa = PBXFileReference; lastKnownFileType = file.storyboard; name = Base; path = Base.lproj/Main.storyboard; sourceTree = "<group>"; };
		89147C9E1D2379370085D37E /* Assets.xcassets */ = {isa = PBXFileReference; lastKnownFileType = folder.assetcatalog; path = Assets.xcassets; sourceTree = "<group>"; };
		89147CA11D2379370085D37E /* Base */ = {isa = PBXFileReference; lastKnownFileType = file.storyboard; name = Base; path = Base.lproj/LaunchScreen.storyboard; sourceTree = "<group>"; };
		89147CA31D2379370085D37E /* Info.plist */ = {isa = PBXFileReference; lastKnownFileType = text.plist.xml; path = Info.plist; sourceTree = "<group>"; };
		89147CA81D2379370085D37E /* MyMessage_OCTests.xctest */ = {isa = PBXFileReference; explicitFileType = wrapper.cfbundle; includeInIndex = 0; path = MyMessage_OCTests.xctest; sourceTree = BUILT_PRODUCTS_DIR; };
		89147CAC1D2379370085D37E /* MyMessage_OCTests.m */ = {isa = PBXFileReference; lastKnownFileType = sourcecode.c.objc; path = MyMessage_OCTests.m; sourceTree = "<group>"; };
		89147CAE1D2379370085D37E /* Info.plist */ = {isa = PBXFileReference; lastKnownFileType = text.plist.xml; path = Info.plist; sourceTree = "<group>"; };
		89147CB31D2379370085D37E /* MyMessage_OCUITests.xctest */ = {isa = PBXFileReference; explicitFileType = wrapper.cfbundle; includeInIndex = 0; path = MyMessage_OCUITests.xctest; sourceTree = BUILT_PRODUCTS_DIR; };
		89147CB71D2379370085D37E /* MyMessage_OCUITests.m */ = {isa = PBXFileReference; lastKnownFileType = sourcecode.c.objc; path = MyMessage_OCUITests.m; sourceTree = "<group>"; };
		89147CB91D2379370085D37E /* Info.plist */ = {isa = PBXFileReference; lastKnownFileType = text.plist.xml; path = Info.plist; sourceTree = "<group>"; };
		89147CC51D237A3B0085D37E /* Book.xlsx */ = {isa = PBXFileReference; lastKnownFileType = file; path = Book.xlsx; sourceTree = "<group>"; };
		89147CC81D238EAD0085D37E /* Contacts.h */ = {isa = PBXFileReference; fileEncoding = 4; lastKnownFileType = sourcecode.c.h; path = Contacts.h; sourceTree = "<group>"; };
		89147CC91D238EAD0085D37E /* Contacts.m */ = {isa = PBXFileReference; fileEncoding = 4; lastKnownFileType = sourcecode.c.objc; path = Contacts.m; sourceTree = "<group>"; };
		89147CCB1D23919F0085D37E /* MessageUI.framework */ = {isa = PBXFileReference; lastKnownFileType = wrapper.framework; name = MessageUI.framework; path = System/Library/Frameworks/MessageUI.framework; sourceTree = SDKROOT; };
		89147CD01D23A8890085D37E /* haha.xlsx */ = {isa = PBXFileReference; lastKnownFileType = file; path = haha.xlsx; sourceTree = "<group>"; };
		8BCD9328A40EA67D3FF2797D /* Pods-MyMessage_OCUITests.debug.xcconfig */ = {isa = PBXFileReference; includeInIndex = 1; lastKnownFileType = text.xcconfig; name = "Pods-MyMessage_OCUITests.debug.xcconfig"; path = "Pods/Target Support Files/Pods-MyMessage_OCUITests/Pods-MyMessage_OCUITests.debug.xcconfig"; sourceTree = "<group>"; };
		9E3CCF1399F7A39DC55BB7FB /* Pods-MyMessage_OC.debug.xcconfig */ = {isa = PBXFileReference; includeInIndex = 1; lastKnownFileType = text.xcconfig; name = "Pods-MyMessage_OC.debug.xcconfig"; path = "Pods/Target Support Files/Pods-MyMessage_OC/Pods-MyMessage_OC.debug.xcconfig"; sourceTree = "<group>"; };
		B3881532E92AE81F45E3A314 /* Pods-MyMessage_OCTests.debug.xcconfig */ = {isa = PBXFileReference; includeInIndex = 1; lastKnownFileType = text.xcconfig; name = "Pods-MyMessage_OCTests.debug.xcconfig"; path = "Pods/Target Support Files/Pods-MyMessage_OCTests/Pods-MyMessage_OCTests.debug.xcconfig"; sourceTree = "<group>"; };
		B96B6288D804DEDFAAAC67C8 /* libPods-MyMessage_OC.a */ = {isa = PBXFileReference; explicitFileType = archive.ar; includeInIndex = 0; path = "libPods-MyMessage_OC.a"; sourceTree = BUILT_PRODUCTS_DIR; };
		D9182D940A30D4698FE570D9 /* Pods-MyMessage_OCTests.release.xcconfig */ = {isa = PBXFileReference; includeInIndex = 1; lastKnownFileType = text.xcconfig; name = "Pods-MyMessage_OCTests.release.xcconfig"; path = "Pods/Target Support Files/Pods-MyMessage_OCTests/Pods-MyMessage_OCTests.release.xcconfig"; sourceTree = "<group>"; };
		F595D392427A701BD528BAE0 /* libPods-MyMessage_OCTests.a */ = {isa = PBXFileReference; explicitFileType = archive.ar; includeInIndex = 0; path = "libPods-MyMessage_OCTests.a"; sourceTree = BUILT_PRODUCTS_DIR; };
/* End PBXFileReference section */

/* Begin PBXFrameworksBuildPhase section */
		89147C8C1D2379370085D37E /* Frameworks */ = {
			isa = PBXFrameworksBuildPhase;
			buildActionMask = 2147483647;
			files = (
				89147CCC1D23919F0085D37E /* MessageUI.framework in Frameworks */,
				86EEBA03628781B6C0442D24 /* libPods-MyMessage_OC.a in Frameworks */,
			);
			runOnlyForDeploymentPostprocessing = 0;
		};
		89147CA51D2379370085D37E /* Frameworks */ = {
			isa = PBXFrameworksBuildPhase;
			buildActionMask = 2147483647;
			files = (
				FDEE317039E84A3DDA62FA44 /* libPods-MyMessage_OCTests.a in Frameworks */,
			);
			runOnlyForDeploymentPostprocessing = 0;
		};
		89147CB01D2379370085D37E /* Frameworks */ = {
			isa = PBXFrameworksBuildPhase;
			buildActionMask = 2147483647;
			files = (
				153C242B0305A1C1BE634CB9 /* libPods-MyMessage_OCUITests.a in Frameworks */,
			);
			runOnlyForDeploymentPostprocessing = 0;
		};
/* End PBXFrameworksBuildPhase section */

/* Begin PBXGroup section */
		8818E2A3D79EEE8DE97956D2 /* Frameworks */ = {
			isa = PBXGroup;
			children = (
				89147CCB1D23919F0085D37E /* MessageUI.framework */,
				B96B6288D804DEDFAAAC67C8 /* libPods-MyMessage_OC.a */,
				F595D392427A701BD528BAE0 /* libPods-MyMessage_OCTests.a */,
				1327E2D62406A6DA005D3AF0 /* libPods-MyMessage_OCUITests.a */,
			);
			name = Frameworks;
			sourceTree = "<group>";
		};
		89147C861D2379370085D37E = {
			isa = PBXGroup;
			children = (
				89147C911D2379370085D37E /* MyMessage_OC */,
				89147CAB1D2379370085D37E /* MyMessage_OCTests */,
				89147CB61D2379370085D37E /* MyMessage_OCUITests */,
				89147C901D2379370085D37E /* Products */,
				944FDB02F2F32EC1B0D071B5 /* Pods */,
				8818E2A3D79EEE8DE97956D2 /* Frameworks */,
			);
			sourceTree = "<group>";
		};
		89147C901D2379370085D37E /* Products */ = {
			isa = PBXGroup;
			children = (
				89147C8F1D2379370085D37E /* MyMessage_OC.app */,
				89147CA81D2379370085D37E /* MyMessage_OCTests.xctest */,
				89147CB31D2379370085D37E /* MyMessage_OCUITests.xctest */,
			);
			name = Products;
			sourceTree = "<group>";
		};
		89147C911D2379370085D37E /* MyMessage_OC */ = {
			isa = PBXGroup;
			children = (
				89147CD01D23A8890085D37E /* haha.xlsx */,
				89147CC51D237A3B0085D37E /* Book.xlsx */,
				89147C951D2379370085D37E /* AppDelegate.h */,
				89147C961D2379370085D37E /* AppDelegate.m */,
				89147C981D2379370085D37E /* ViewController.h */,
				89147C991D2379370085D37E /* ViewController.m */,
				89147C9B1D2379370085D37E /* Main.storyboard */,
				89147C9E1D2379370085D37E /* Assets.xcassets */,
				89147CA01D2379370085D37E /* LaunchScreen.storyboard */,
				89147CA31D2379370085D37E /* Info.plist */,
				89147C921D2379370085D37E /* Supporting Files */,
				89147CC81D238EAD0085D37E /* Contacts.h */,
				89147CC91D238EAD0085D37E /* Contacts.m */,
			);
			path = MyMessage_OC;
			sourceTree = "<group>";
		};
		89147C921D2379370085D37E /* Supporting Files */ = {
			isa = PBXGroup;
			children = (
				89147C931D2379370085D37E /* main.m */,
			);
			name = "Supporting Files";
			sourceTree = "<group>";
		};
		89147CAB1D2379370085D37E /* MyMessage_OCTests */ = {
			isa = PBXGroup;
			children = (
				89147CAC1D2379370085D37E /* MyMessage_OCTests.m */,
				89147CAE1D2379370085D37E /* Info.plist */,
			);
			path = MyMessage_OCTests;
			sourceTree = "<group>";
		};
		89147CB61D2379370085D37E /* MyMessage_OCUITests */ = {
			isa = PBXGroup;
			children = (
				89147CB71D2379370085D37E /* MyMessage_OCUITests.m */,
				89147CB91D2379370085D37E /* Info.plist */,
			);
			path = MyMessage_OCUITests;
			sourceTree = "<group>";
		};
		944FDB02F2F32EC1B0D071B5 /* Pods */ = {
			isa = PBXGroup;
			children = (
				9E3CCF1399F7A39DC55BB7FB /* Pods-MyMessage_OC.debug.xcconfig */,
				860119B30A4145BD5352B51C /* Pods-MyMessage_OC.release.xcconfig */,
				B3881532E92AE81F45E3A314 /* Pods-MyMessage_OCTests.debug.xcconfig */,
				D9182D940A30D4698FE570D9 /* Pods-MyMessage_OCTests.release.xcconfig */,
				8BCD9328A40EA67D3FF2797D /* Pods-MyMessage_OCUITests.debug.xcconfig */,
				867951722D6A1697C9F74D5B /* Pods-MyMessage_OCUITests.release.xcconfig */,
			);
			name = Pods;
			sourceTree = "<group>";
		};
/* End PBXGroup section */

/* Begin PBXNativeTarget section */
		89147C8E1D2379370085D37E /* MyMessage_OC */ = {
			isa = PBXNativeTarget;
			buildConfigurationList = 89147CBC1D2379370085D37E /* Build configuration list for PBXNativeTarget "MyMessage_OC" */;
			buildPhases = (
				00ECC91ACE32FE9C268E489F /* 📦 Check Pods Manifest.lock */,
				89147C8B1D2379370085D37E /* Sources */,
				89147C8C1D2379370085D37E /* Frameworks */,
				89147C8D1D2379370085D37E /* Resources */,
				302AC1ACF996E155F3605C41 /* 📦 Embed Pods Frameworks */,
				BD60D7DE1E30D4033D221072 /* 📦 Copy Pods Resources */,
			);
			buildRules = (
			);
			dependencies = (
			);
			name = MyMessage_OC;
			productName = MyMessage_OC;
			productReference = 89147C8F1D2379370085D37E /* MyMessage_OC.app */;
			productType = "com.apple.product-type.application";
		};
		89147CA71D2379370085D37E /* MyMessage_OCTests */ = {
			isa = PBXNativeTarget;
			buildConfigurationList = 89147CBF1D2379370085D37E /* Build configuration list for PBXNativeTarget "MyMessage_OCTests" */;
			buildPhases = (
				9659FEC1737B74EB73F804FD /* 📦 Check Pods Manifest.lock */,
				89147CA41D2379370085D37E /* Sources */,
				89147CA51D2379370085D37E /* Frameworks */,
				89147CA61D2379370085D37E /* Resources */,
				133AAA4FE7071A07C23A9763 /* 📦 Embed Pods Frameworks */,
				49273206C928C8C4097D5605 /* 📦 Copy Pods Resources */,
			);
			buildRules = (
			);
			dependencies = (
				89147CAA1D2379370085D37E /* PBXTargetDependency */,
			);
			name = MyMessage_OCTests;
			productName = MyMessage_OCTests;
			productReference = 89147CA81D2379370085D37E /* MyMessage_OCTests.xctest */;
			productType = "com.apple.product-type.bundle.unit-test";
		};
		89147CB21D2379370085D37E /* MyMessage_OCUITests */ = {
			isa = PBXNativeTarget;
			buildConfigurationList = 89147CC21D2379370085D37E /* Build configuration list for PBXNativeTarget "MyMessage_OCUITests" */;
			buildPhases = (
				6D3C9EB8E4A6F85BF968B652 /* 📦 Check Pods Manifest.lock */,
				89147CAF1D2379370085D37E /* Sources */,
				89147CB01D2379370085D37E /* Frameworks */,
				89147CB11D2379370085D37E /* Resources */,
				642213349EEFEACEF473B19E /* 📦 Copy Pods Resources */,
			);
			buildRules = (
			);
			dependencies = (
				89147CB51D2379370085D37E /* PBXTargetDependency */,
			);
			name = MyMessage_OCUITests;
			productName = MyMessage_OCUITests;
			productReference = 89147CB31D2379370085D37E /* MyMessage_OCUITests.xctest */;
			productType = "com.apple.product-type.bundle.ui-testing";
		};
/* End PBXNativeTarget section */

/* Begin PBXProject section */
		89147C871D2379370085D37E /* Project object */ = {
			isa = PBXProject;
			attributes = {
				LastUpgradeCheck = 0730;
				ORGANIZATIONNAME = Monaco1;
				TargetAttributes = {
					89147C8E1D2379370085D37E = {
						CreatedOnToolsVersion = 7.3.1;
					};
					89147CA71D2379370085D37E = {
						CreatedOnToolsVersion = 7.3.1;
						TestTargetID = 89147C8E1D2379370085D37E;
					};
					89147CB21D2379370085D37E = {
						CreatedOnToolsVersion = 7.3.1;
						TestTargetID = 89147C8E1D2379370085D37E;
					};
				};
			};
			buildConfigurationList = 89147C8A1D2379370085D37E /* Build configuration list for PBXProject "MyMessage_OC" */;
			compatibilityVersion = "Xcode 3.2";
			developmentRegion = English;
			hasScannedForEncodings = 0;
			knownRegions = (
				en,
				Base,
			);
			mainGroup = 89147C861D2379370085D37E;
			productRefGroup = 89147C901D2379370085D37E /* Products */;
			projectDirPath = "";
			projectRoot = "";
			targets = (
				89147C8E1D2379370085D37E /* MyMessage_OC */,
				89147CA71D2379370085D37E /* MyMessage_OCTests */,
				89147CB21D2379370085D37E /* MyMessage_OCUITests */,
			);
		};
/* End PBXProject section */

/* Begin PBXResourcesBuildPhase section */
		89147C8D1D2379370085D37E /* Resources */ = {
			isa = PBXResourcesBuildPhase;
			buildActionMask = 2147483647;
			files = (
				89147CA21D2379370085D37E /* LaunchScreen.storyboard in Resources */,
				89147CC61D237A3B0085D37E /* Book.xlsx in Resources */,
				89147CD11D23A8890085D37E /* haha.xlsx in Resources */,
				89147C9F1D2379370085D37E /* Assets.xcassets in Resources */,
				89147C9D1D2379370085D37E /* Main.storyboard in Resources */,
			);
			runOnlyForDeploymentPostprocessing = 0;
		};
		89147CA61D2379370085D37E /* Resources */ = {
			isa = PBXResourcesBuildPhase;
			buildActionMask = 2147483647;
			files = (
			);
			runOnlyForDeploymentPostprocessing = 0;
		};
		89147CB11D2379370085D37E /* Resources */ = {
			isa = PBXResourcesBuildPhase;
			buildActionMask = 2147483647;
			files = (
			);
			runOnlyForDeploymentPostprocessing = 0;
		};
/* End PBXResourcesBuildPhase section */

/* Begin PBXShellScriptBuildPhase section */
		00ECC91ACE32FE9C268E489F /* 📦 Check Pods Manifest.lock */ = {
			isa = PBXShellScriptBuildPhase;
			buildActionMask = 2147483647;
			files = (
			);
			inputPaths = (
			);
			name = "📦 Check Pods Manifest.lock";
			outputPaths = (
			);
			runOnlyForDeploymentPostprocessing = 0;
			shellPath = /bin/sh;
			shellScript = "diff \"${PODS_ROOT}/../Podfile.lock\" \"${PODS_ROOT}/Manifest.lock\" > /dev/null\nif [[ $? != 0 ]] ; then\n    cat << EOM\nerror: The sandbox is not in sync with the Podfile.lock. Run 'pod install' or update your CocoaPods installation.\nEOM\n    exit 1\nfi\n";
			showEnvVarsInLog = 0;
		};
		133AAA4FE7071A07C23A9763 /* 📦 Embed Pods Frameworks */ = {
			isa = PBXShellScriptBuildPhase;
			buildActionMask = 2147483647;
			files = (
			);
			inputPaths = (
			);
			name = "📦 Embed Pods Frameworks";
			outputPaths = (
			);
			runOnlyForDeploymentPostprocessing = 0;
			shellPath = /bin/sh;
			shellScript = "\"${SRCROOT}/Pods/Target Support Files/Pods-MyMessage_OCTests/Pods-MyMessage_OCTests-frameworks.sh\"\n";
			showEnvVarsInLog = 0;
		};
		302AC1ACF996E155F3605C41 /* 📦 Embed Pods Frameworks */ = {
			isa = PBXShellScriptBuildPhase;
			buildActionMask = 2147483647;
			files = (
			);
			inputPaths = (
			);
			name = "📦 Embed Pods Frameworks";
			outputPaths = (
			);
			runOnlyForDeploymentPostprocessing = 0;
			shellPath = /bin/sh;
			shellScript = "\"${SRCROOT}/Pods/Target Support Files/Pods-MyMessage_OC/Pods-MyMessage_OC-frameworks.sh\"\n";
			showEnvVarsInLog = 0;
		};
		49273206C928C8C4097D5605 /* 📦 Copy Pods Resources */ = {
			isa = PBXShellScriptBuildPhase;
			buildActionMask = 2147483647;
			files = (
			);
			inputPaths = (
			);
			name = "📦 Copy Pods Resources";
			outputPaths = (
			);
			runOnlyForDeploymentPostprocessing = 0;
			shellPath = /bin/sh;
			shellScript = "\"${SRCROOT}/Pods/Target Support Files/Pods-MyMessage_OCTests/Pods-MyMessage_OCTests-resources.sh\"\n";
			showEnvVarsInLog = 0;
		};
		642213349EEFEACEF473B19E /* 📦 Copy Pods Resources */ = {
			isa = PBXShellScriptBuildPhase;
			buildActionMask = 2147483647;
			files = (
			);
			inputPaths = (
			);
			name = "📦 Copy Pods Resources";
			outputPaths = (
			);
			runOnlyForDeploymentPostprocessing = 0;
			shellPath = /bin/sh;
			shellScript = "\"${SRCROOT}/Pods/Target Support Files/Pods-MyMessage_OCUITests/Pods-MyMessage_OCUITests-resources.sh\"\n";
			showEnvVarsInLog = 0;
		};
		6D3C9EB8E4A6F85BF968B652 /* 📦 Check Pods Manifest.lock */ = {
			isa = PBXShellScriptBuildPhase;
			buildActionMask = 2147483647;
			files = (
			);
			inputPaths = (
			);
			name = "📦 Check Pods Manifest.lock";
			outputPaths = (
			);
			runOnlyForDeploymentPostprocessing = 0;
			shellPath = /bin/sh;
			shellScript = "diff \"${PODS_ROOT}/../Podfile.lock\" \"${PODS_ROOT}/Manifest.lock\" > /dev/null\nif [[ $? != 0 ]] ; then\n    cat << EOM\nerror: The sandbox is not in sync with the Podfile.lock. Run 'pod install' or update your CocoaPods installation.\nEOM\n    exit 1\nfi\n";
			showEnvVarsInLog = 0;
		};
		9659FEC1737B74EB73F804FD /* 📦 Check Pods Manifest.lock */ = {
			isa = PBXShellScriptBuildPhase;
			buildActionMask = 2147483647;
			files = (
			);
			inputPaths = (
			);
			name = "📦 Check Pods Manifest.lock";
			outputPaths = (
			);
			runOnlyForDeploymentPostprocessing = 0;
			shellPath = /bin/sh;
			shellScript = "diff \"${PODS_ROOT}/../Podfile.lock\" \"${PODS_ROOT}/Manifest.lock\" > /dev/null\nif [[ $? != 0 ]] ; then\n    cat << EOM\nerror: The sandbox is not in sync with the Podfile.lock. Run 'pod install' or update your CocoaPods installation.\nEOM\n    exit 1\nfi\n";
			showEnvVarsInLog = 0;
		};
		BD60D7DE1E30D4033D221072 /* 📦 Copy Pods Resources */ = {
			isa = PBXShellScriptBuildPhase;
			buildActionMask = 2147483647;
			files = (
			);
			inputPaths = (
			);
			name = "📦 Copy Pods Resources";
			outputPaths = (
			);
			runOnlyForDeploymentPostprocessing = 0;
			shellPath = /bin/sh;
			shellScript = "\"${SRCROOT}/Pods/Target Support Files/Pods-MyMessage_OC/Pods-MyMessage_OC-resources.sh\"\n";
			showEnvVarsInLog = 0;
		};
/* End PBXShellScriptBuildPhase section */

/* Begin PBXSourcesBuildPhase section */
		89147C8B1D2379370085D37E /* Sources */ = {
			isa = PBXSourcesBuildPhase;
			buildActionMask = 2147483647;
			files = (
				89147CCA1D238EAD0085D37E /* Contacts.m in Sources */,
				89147C9A1D2379370085D37E /* ViewController.m in Sources */,
				89147C971D2379370085D37E /* AppDelegate.m in Sources */,
				89147C941D2379370085D37E /* main.m in Sources */,
			);
			runOnlyForDeploymentPostprocessing = 0;
		};
		89147CA41D2379370085D37E /* Sources */ = {
			isa = PBXSourcesBuildPhase;
			buildActionMask = 2147483647;
			files = (
				89147CAD1D2379370085D37E /* MyMessage_OCTests.m in Sources */,
			);
			runOnlyForDeploymentPostprocessing = 0;
		};
		89147CAF1D2379370085D37E /* Sources */ = {
			isa = PBXSourcesBuildPhase;
			buildActionMask = 2147483647;
			files = (
				89147CB81D2379370085D37E /* MyMessage_OCUITests.m in Sources */,
			);
			runOnlyForDeploymentPostprocessing = 0;
		};
/* End PBXSourcesBuildPhase section */

/* Begin PBXTargetDependency section */
		89147CAA1D2379370085D37E /* PBXTargetDependency */ = {
			isa = PBXTargetDependency;
			target = 89147C8E1D2379370085D37E /* MyMessage_OC */;
			targetProxy = 89147CA91D2379370085D37E /* PBXContainerItemProxy */;
		};
		89147CB51D2379370085D37E /* PBXTargetDependency */ = {
			isa = PBXTargetDependency;
			target = 89147C8E1D2379370085D37E /* MyMessage_OC */;
			targetProxy = 89147CB41D2379370085D37E /* PBXContainerItemProxy */;
		};
/* End PBXTargetDependency section */

/* Begin PBXVariantGroup section */
		89147C9B1D2379370085D37E /* Main.storyboard */ = {
			isa = PBXVariantGroup;
			children = (
				89147C9C1D2379370085D37E /* Base */,
			);
			name = Main.storyboard;
			sourceTree = "<group>";
		};
		89147CA01D2379370085D37E /* LaunchScreen.storyboard */ = {
			isa = PBXVariantGroup;
			children = (
				89147CA11D2379370085D37E /* Base */,
			);
			name = LaunchScreen.storyboard;
			sourceTree = "<group>";
		};
/* End PBXVariantGroup section */

/* Begin XCBuildConfiguration section */
		89147CBA1D2379370085D37E /* Debug */ = {
			isa = XCBuildConfiguration;
			buildSettings = {
				ALWAYS_SEARCH_USER_PATHS = NO;
				CLANG_ANALYZER_NONNULL = YES;
				CLANG_CXX_LANGUAGE_STANDARD = "gnu++0x";
				CLANG_CXX_LIBRARY = "libc++";
				CLANG_ENABLE_MODULES = YES;
				CLANG_ENABLE_OBJC_ARC = YES;
				CLANG_WARN_BOOL_CONVERSION = YES;
				CLANG_WARN_CONSTANT_CONVERSION = YES;
				CLANG_WARN_DIRECT_OBJC_ISA_USAGE = YES_ERROR;
				CLANG_WARN_EMPTY_BODY = YES;
				CLANG_WARN_ENUM_CONVERSION = YES;
				CLANG_WARN_INT_CONVERSION = YES;
				CLANG_WARN_OBJC_ROOT_CLASS = YES_ERROR;
				CLANG_WARN_UNREACHABLE_CODE = YES;
				CLANG_WARN__DUPLICATE_METHOD_MATCH = YES;
				"CODE_SIGN_IDENTITY[sdk=iphoneos*]" = "iPhone Developer";
				COPY_PHASE_STRIP = NO;
				DEBUG_INFORMATION_FORMAT = dwarf;
				ENABLE_STRICT_OBJC_MSGSEND = YES;
				ENABLE_TESTABILITY = YES;
				GCC_C_LANGUAGE_STANDARD = gnu99;
				GCC_DYNAMIC_NO_PIC = NO;
				GCC_NO_COMMON_BLOCKS = YES;
				GCC_OPTIMIZATION_LEVEL = 0;
				GCC_PREPROCESSOR_DEFINITIONS = (
					"DEBUG=1",
					"$(inherited)",
				);
				GCC_WARN_64_TO_32_BIT_CONVERSION = YES;
				GCC_WARN_ABOUT_RETURN_TYPE = YES_ERROR;
				GCC_WARN_UNDECLARED_SELECTOR = YES;
				GCC_WARN_UNINITIALIZED_AUTOS = YES_AGGRESSIVE;
				GCC_WARN_UNUSED_FUNCTION = YES;
				GCC_WARN_UNUSED_VARIABLE = YES;
				IPHONEOS_DEPLOYMENT_TARGET = 8.0;
				MTL_ENABLE_DEBUG_INFO = YES;
				ONLY_ACTIVE_ARCH = YES;
				SDKROOT = iphoneos;
				TARGETED_DEVICE_FAMILY = "1,2";
			};
			name = Debug;
		};
		89147CBB1D2379370085D37E /* Release */ = {
			isa = XCBuildConfiguration;
			buildSettings = {
				ALWAYS_SEARCH_USER_PATHS = NO;
				CLANG_ANALYZER_NONNULL = YES;
				CLANG_CXX_LANGUAGE_STANDARD = "gnu++0x";
				CLANG_CXX_LIBRARY = "libc++";
				CLANG_ENABLE_MODULES = YES;
				CLANG_ENABLE_OBJC_ARC = YES;
				CLANG_WARN_BOOL_CONVERSION = YES;
				CLANG_WARN_CONSTANT_CONVERSION = YES;
				CLANG_WARN_DIRECT_OBJC_ISA_USAGE = YES_ERROR;
				CLANG_WARN_EMPTY_BODY = YES;
				CLANG_WARN_ENUM_CONVERSION = YES;
				CLANG_WARN_INT_CONVERSION = YES;
				CLANG_WARN_OBJC_ROOT_CLASS = YES_ERROR;
				CLANG_WARN_UNREACHABLE_CODE = YES;
				CLANG_WARN__DUPLICATE_METHOD_MATCH = YES;
				"CODE_SIGN_IDENTITY[sdk=iphoneos*]" = "iPhone Developer";
				COPY_PHASE_STRIP = NO;
				DEBUG_INFORMATION_FORMAT = "dwarf-with-dsym";
				ENABLE_NS_ASSERTIONS = NO;
				ENABLE_STRICT_OBJC_MSGSEND = YES;
				GCC_C_LANGUAGE_STANDARD = gnu99;
				GCC_NO_COMMON_BLOCKS = YES;
				GCC_WARN_64_TO_32_BIT_CONVERSION = YES;
				GCC_WARN_ABOUT_RETURN_TYPE = YES_ERROR;
				GCC_WARN_UNDECLARED_SELECTOR = YES;
				GCC_WARN_UNINITIALIZED_AUTOS = YES_AGGRESSIVE;
				GCC_WARN_UNUSED_FUNCTION = YES;
				GCC_WARN_UNUSED_VARIABLE = YES;
				IPHONEOS_DEPLOYMENT_TARGET = 8.0;
				MTL_ENABLE_DEBUG_INFO = NO;
				SDKROOT = iphoneos;
				TARGETED_DEVICE_FAMILY = "1,2";
				VALIDATE_PRODUCT = YES;
			};
			name = Release;
		};
		89147CBD1D2379370085D37E /* Debug */ = {
			isa = XCBuildConfiguration;
			baseConfigurationReference = 9E3CCF1399F7A39DC55BB7FB /* Pods-MyMessage_OC.debug.xcconfig */;
			buildSettings = {
				ASSETCATALOG_COMPILER_APPICON_NAME = AppIcon;
				INFOPLIST_FILE = MyMessage_OC/Info.plist;
				IPHONEOS_DEPLOYMENT_TARGET = 8.0;
				LD_RUNPATH_SEARCH_PATHS = "$(inherited) @executable_path/Frameworks";
				PRODUCT_BUNDLE_IDENTIFIER = "com.mocano1.MyMessage-OC";
				PRODUCT_NAME = "$(TARGET_NAME)";
			};
			name = Debug;
		};
		89147CBE1D2379370085D37E /* Release */ = {
			isa = XCBuildConfiguration;
			baseConfigurationReference = 860119B30A4145BD5352B51C /* Pods-MyMessage_OC.release.xcconfig */;
			buildSettings = {
				ASSETCATALOG_COMPILER_APPICON_NAME = AppIcon;
				INFOPLIST_FILE = MyMessage_OC/Info.plist;
				IPHONEOS_DEPLOYMENT_TARGET = 8.0;
				LD_RUNPATH_SEARCH_PATHS = "$(inherited) @executable_path/Frameworks";
				PRODUCT_BUNDLE_IDENTIFIER = "com.mocano1.MyMessage-OC";
				PRODUCT_NAME = "$(TARGET_NAME)";
			};
			name = Release;
		};
		89147CC01D2379370085D37E /* Debug */ = {
			isa = XCBuildConfiguration;
			baseConfigurationReference = B3881532E92AE81F45E3A314 /* Pods-MyMessage_OCTests.debug.xcconfig */;
			buildSettings = {
				BUNDLE_LOADER = "$(TEST_HOST)";
				INFOPLIST_FILE = MyMessage_OCTests/Info.plist;
				LD_RUNPATH_SEARCH_PATHS = "$(inherited) @executable_path/Frameworks @loader_path/Frameworks";
				PRODUCT_BUNDLE_IDENTIFIER = "com.mocano1.MyMessage-OCTests";
				PRODUCT_NAME = "$(TARGET_NAME)";
				TEST_HOST = "$(BUILT_PRODUCTS_DIR)/MyMessage_OC.app/MyMessage_OC";
			};
			name = Debug;
		};
		89147CC11D2379370085D37E /* Release */ = {
			isa = XCBuildConfiguration;
			baseConfigurationReference = D9182D940A30D4698FE570D9 /* Pods-MyMessage_OCTests.release.xcconfig */;
			buildSettings = {
				BUNDLE_LOADER = "$(TEST_HOST)";
				INFOPLIST_FILE = MyMessage_OCTests/Info.plist;
				LD_RUNPATH_SEARCH_PATHS = "$(inherited) @executable_path/Frameworks @loader_path/Frameworks";
				PRODUCT_BUNDLE_IDENTIFIER = "com.mocano1.MyMessage-OCTests";
				PRODUCT_NAME = "$(TARGET_NAME)";
				TEST_HOST = "$(BUILT_PRODUCTS_DIR)/MyMessage_OC.app/MyMessage_OC";
			};
			name = Release;
		};
		89147CC31D2379370085D37E /* Debug */ = {
			isa = XCBuildConfiguration;
			baseConfigurationReference = 8BCD9328A40EA67D3FF2797D /* Pods-MyMessage_OCUITests.debug.xcconfig */;
			buildSettings = {
				INFOPLIST_FILE = MyMessage_OCUITests/Info.plist;
				LD_RUNPATH_SEARCH_PATHS = "$(inherited) @executable_path/Frameworks @loader_path/Frameworks";
				PRODUCT_BUNDLE_IDENTIFIER = "com.mocano1.MyMessage-OCUITests";
				PRODUCT_NAME = "$(TARGET_NAME)";
				TEST_TARGET_NAME = MyMessage_OC;
			};
			name = Debug;
		};
		89147CC41D2379370085D37E /* Release */ = {
			isa = XCBuildConfiguration;
			baseConfigurationReference = 867951722D6A1697C9F74D5B /* Pods-MyMessage_OCUITests.release.xcconfig */;
			buildSettings = {
				INFOPLIST_FILE = MyMessage_OCUITests/Info.plist;
				LD_RUNPATH_SEARCH_PATHS = "$(inherited) @executable_path/Frameworks @loader_path/Frameworks";
				PRODUCT_BUNDLE_IDENTIFIER = "com.mocano1.MyMessage-OCUITests";
				PRODUCT_NAME = "$(TARGET_NAME)";
				TEST_TARGET_NAME = MyMessage_OC;
			};
			name = Release;
		};
/* End XCBuildConfiguration section */

/* Begin XCConfigurationList section */
		89147C8A1D2379370085D37E /* Build configuration list for PBXProject "MyMessage_OC" */ = {
			isa = XCConfigurationList;
			buildConfigurations = (
				89147CBA1D2379370085D37E /* Debug */,
				89147CBB1D2379370085D37E /* Release */,
			);
			defaultConfigurationIsVisible = 0;
			defaultConfigurationName = Release;
		};
		89147CBC1D2379370085D37E /* Build configuration list for PBXNativeTarget "MyMessage_OC" */ = {
			isa = XCConfigurationList;
			buildConfigurations = (
				89147CBD1D2379370085D37E /* Debug */,
				89147CBE1D2379370085D37E /* Release */,
			);
			defaultConfigurationIsVisible = 0;
			defaultConfigurationName = Release;
		};
		89147CBF1D2379370085D37E /* Build configuration list for PBXNativeTarget "MyMessage_OCTests" */ = {
			isa = XCConfigurationList;
			buildConfigurations = (
				89147CC01D2379370085D37E /* Debug */,
				89147CC11D2379370085D37E /* Release */,
			);
			defaultConfigurationIsVisible = 0;
			defaultConfigurationName = Release;
		};
		89147CC21D2379370085D37E /* Build configuration list for PBXNativeTarget "MyMessage_OCUITests" */ = {
			isa = XCConfigurationList;
			buildConfigurations = (
				89147CC31D2379370085D37E /* Debug */,
				89147CC41D2379370085D37E /* Release */,
			);
			defaultConfigurationIsVisible = 0;
			defaultConfigurationName = Release;
		};
/* End XCConfigurationList section */
	};
	rootObject = 89147C871D2379370085D37E /* Project object */;
}
